
Microsoft Visual Studio Solution File, Format Version 12.00
# Visual Studio 2012
Project("{FAE04EC0-301F-11D3-BF4B-00C04F79EFBC}") = "AutoCountdown", "AutoCountdown\AutoCountdown.csproj", "{D80E81EB-4CAC-4309-9CC5-FFFD41CC00C2}"
EndProject
Project("{FAE04EC0-301F-11D3-BF4B-00C04F79EFBC}") = "MJPGSplitter", "MJPGSplitter\MJPGSplitter.csproj", "{42E72F24-BFCB-4A55-AD1A-31A921933033}"
EndProject
Project("{FAE04EC0-301F-11D3-BF4B-00C04F79EFBC}") = "MJPGModuleTest", "MJPGModuleTest\MJPGModuleTest.csproj", "{2E839612-A7CC-4F29-96EE-B6581323B476}"
EndProject
Project("{FAE04EC0-301F-11D3-BF4B-00C04F79EFBC}") = "CDownTest", "CDownTest\CDownTest.csproj", "{DBD7D9B9-2FDF-409D-8689-40CC03088088}"
EndProject
Global
	GlobalSection(SolutionConfigurationPlatforms) = preSolution
		Debug|Any CPU = Debug|Any CPU
		Release|Any CPU = Release|Any CPU
	EndGlobalSection
	GlobalSection(ProjectConfigurationPlatforms) = postSolution
		{D80E81EB-4CAC-4309-9CC5-FFFD41CC00C2}.Debug|Any CPU.ActiveCfg = Debug|Any CPU
		{D80E81EB-4CAC-4309-9CC5-FFFD41CC00C2}.Debug|Any CPU.Build.0 = Debug|Any CPU
		{D80E81EB-4CAC-4309-9CC5-FFFD41CC00C2}.Release|Any CPU.ActiveCfg = Release|Any CPU
		{D80E81EB-4CAC-4309-9CC5-FFFD41CC00C2}.Release|Any CPU.Build.0 = Release|Any CPU
		{42E72F24-BFCB-4A55-AD1A-31A921933033}.Debug|Any CPU.ActiveCfg = Debug|Any CPU
		{42E72F24-BFCB-4A55-AD1A-31A921933033}.Debug|Any CPU.Build.0 = Debug|Any CPU
		{42E72F24-BFCB-4A55-AD1A-31A921933033}.Release|Any CPU.ActiveCfg = Release|Any CPU
		{42E72F24-BFCB-4A55-AD1A-31A921933033}.Release|Any CPU.Build.0 = Release|Any CPU
		{2E839612-A7CC-4F29-96EE-B6581323B476}.Debug|Any CPU.ActiveCfg = Debug|Any CPU
		{2E839612-A7CC-4F29-96EE-B6581323B476}.Debug|Any CPU.Build.0 = Debug|Any CPU
		{2E839612-A7CC-4F29-96EE-B6581323B476}.Release|Any CPU.ActiveCfg = Release|Any CPU
		{2E839612-A7CC-4F29-96EE-B6581323B476}.Release|Any CPU.Build.0 = Release|Any CPU
		{DBD7D9B9-2FDF-409D-8689-40CC03088088}.Debug|Any CPU.ActiveCfg = Debug|Any CPU
		{DBD7D9B9-2FDF-409D-8689-40CC03088088}.Debug|Any CPU.Build.0 = Debug|Any CPU
		{DBD7D9B9-2FDF-409D-8689-40CC03088088}.Release|Any CPU.ActiveCfg = Release|Any CPU
		{DBD7D9B9-2FDF-409D-8689-40CC03088088}.Release|Any CPU.Build.0 = Release|Any CPU
	EndGlobalSection
	GlobalSection(SolutionProperties) = preSolution
		HideSolutionNode = FALSE
	EndGlobalSection
EndGlobal
